// !$*UTF8*$!
{
	archiveVersion = 1;
	classes = {
	};
	objectVersion = 46;
	objects = {

/* Begin PBXBuildFile section */
		759327631D5497BA00EB5900 /* AppDelegate.swift in Sources */ = {isa = PBXBuildFile; fileRef = 759327621D5497BA00EB5900 /* AppDelegate.swift */; };
		759327651D5497BA00EB5900 /* ViewController.swift in Sources */ = {isa = PBXBuildFile; fileRef = 759327641D5497BA00EB5900 /* ViewController.swift */; };
		759327681D5497BA00EB5900 /* Main.storyboard in Resources */ = {isa = PBXBuildFile; fileRef = 759327661D5497BA00EB5900 /* Main.storyboard */; };
		7593276A1D5497BA00EB5900 /* Assets.xcassets in Resources */ = {isa = PBXBuildFile; fileRef = 759327691D5497BA00EB5900 /* Assets.xcassets */; };
		7593276D1D5497BA00EB5900 /* LaunchScreen.storyboard in Resources */ = {isa = PBXBuildFile; fileRef = 7593276B1D5497BA00EB5900 /* LaunchScreen.storyboard */; };
/* End PBXBuildFile section */

/* Begin PBXFileReference section */
		7593275F1D5497BA00EB5900 /* Customer Satisfaction.app */ = {isa = PBXFileReference; explicitFileType = wrapper.application; includeInIndex = 0; path = "Customer Satisfaction.app"; sourceTree = BUILT_PRODUCTS_DIR; };
		759327621D5497BA00EB5900 /* AppDelegate.swift */ = {isa = PBXFileReference; lastKnownFileType = sourcecode.swift; path = AppDelegate.swift; sourceTree = "<group>"; };
		759327641D5497BA00EB5900 /* ViewController.swift */ = {isa = PBXFileReference; lastKnownFileType = sourcecode.swift; path = ViewController.swift; sourceTree = "<group>"; };
		759327671D5497BA00EB5900 /* Base */ = {isa = PBXFileReference; lastKnownFileType = file.storyboard; name = Base; path = Base.lproj/Main.storyboard; sourceTree = "<group>"; };
		759327691D5497BA00EB5900 /* Assets.xcassets */ = {isa = PBXFileReference; lastKnownFileType = folder.assetcatalog; path = Assets.xcassets; sourceTree = "<group>"; };
		7593276C1D5497BA00EB5900 /* Base */ = {isa = PBXFileReference; lastKnownFileType = file.storyboard; name = Base; path = Base.lproj/LaunchScreen.storyboard; sourceTree = "<group>"; };
		7593276E1D5497BA00EB5900 /* Info.plist */ = {isa = PBXFileReference; lastKnownFileType = text.plist.xml; path = Info.plist; sourceTree = "<group>"; };
/* End PBXFileReference section */

/* Begin PBXFrameworksBuildPhase section */
		7593275C1D5497BA00EB5900 /* Frameworks */ = {
			isa = PBXFrameworksBuildPhase;
			buildActionMask = 2147483647;
			files = (
			);
			runOnlyForDeploymentPostprocessing = 0;
		};
/* End PBXFrameworksBuildPhase section */

/* Begin PBXGroup section */
		759327561D5497B900EB5900 = {
			isa = PBXGroup;
			children = (
				759327611D5497BA00EB5900 /* Cusotmer Satisfaction */,
				759327601D5497BA00EB5900 /* Products */,
			);
			sourceTree = "<group>";
		};
		759327601D5497BA00EB5900 /* Products */ = {
			isa = PBXGroup;
			children = (
				7593275F1D5497BA00EB5900 /* Customer Satisfaction.app */,
			);
			name = Products;
			sourceTree = "<group>";
		};
		759327611D5497BA00EB5900 /* Cusotmer Satisfaction */ = {
			isa = PBXGroup;
			children = (
				759327621D5497BA00EB5900 /* AppDelegate.swift */,
				759327641D5497BA00EB5900 /* ViewController.swift */,
				759327661D5497BA00EB5900 /* Main.storyboard */,
				759327691D5497BA00EB5900 /* Assets.xcassets */,
				7593276B1D5497BA00EB5900 /* LaunchScreen.storyboard */,
				7593276E1D5497BA00EB5900 /* Info.plist */,
			);
			name = "Cusotmer Satisfaction";
			path = "Customer Satisfaction";
			sourceTree = "<group>";
		};
/* End PBXGroup section */

/* Begin PBXNativeTarget section */
		7593275E1D5497BA00EB5900 /* Customer Satisfaction */ = {
			isa = PBXNativeTarget;
			buildConfigurationList = 759327711D5497BA00EB5900 /* Build configuration list for PBXNativeTarget "Customer Satisfaction" */;
			buildPhases = (
				7593275B1D5497BA00EB5900 /* Sources */,
				7593275C1D5497BA00EB5900 /* Frameworks */,
				7593275D1D5497BA00EB5900 /* Resources */,
			);
			buildRules = (
			);
			dependencies = (
			);
			name = "Customer Satisfaction";
			productName = "Customer Satisfaction";
			productReference = 7593275F1D5497BA00EB5900 /* Customer Satisfaction.app */;
			productType = "com.apple.product-type.application";
		};
/* End PBXNativeTarget section */

/* Begin PBXProject section */
		759327571D5497BA00EB5900 /* Project object */ = {
			isa = PBXProject;
			attributes = {
				LastSwiftUpdateCheck = 0730;
				LastUpgradeCheck = 0730;
				ORGANIZATIONNAME = Salesforce;
				TargetAttributes = {
					7593275E1D5497BA00EB5900 = {
						CreatedOnToolsVersion = 7.3;
						DevelopmentTeam = 4WQ2T93P22;
					};
				};
			};
			buildConfigurationList = 7593275A1D5497BA00EB5900 /* Build configuration list for PBXProject "Customer Satisfaction" */;
			compatibilityVersion = "Xcode 3.2";
			developmentRegion = English;
			hasScannedForEncodings = 0;
			knownRegions = (
				en,
				Base,
			);
			mainGroup = 759327561D5497B900EB5900;
			productRefGroup = 759327601D5497BA00EB5900 /* Products */;
			projectDirPath = "";
			projectRoot = "";
			targets = (
				7593275E1D5497BA00EB5900 /* Customer Satisfaction */,
			);
		};
/* End PBXProject section */

/* Begin PBXResourcesBuildPhase section */
		7593275D1D5497BA00EB5900 /* Resources */ = {
			isa = PBXResourcesBuildPhase;
			buildActionMask = 2147483647;
			files = (
				7593276D1D5497BA00EB5900 /* LaunchScreen.storyboard in Resources */,
				7593276A1D5497BA00EB5900 /* Assets.xcassets in Resources */,
				759327681D5497BA00EB5900 /* Main.storyboard in Resources */,
			);
			runOnlyForDeploymentPostprocessing = 0;
		};
/* End PBXResourcesBuildPhase section */

/* Begin PBXSourcesBuildPhase section */
		7593275B1D5497BA00EB5900 /* Sources */ = {
			isa = PBXSourcesBuildPhase;
			buildActionMask = 2147483647;
			files = (
				759327651D5497BA00EB5900 /* ViewController.swift in Sources */,
				759327631D5497BA00EB5900 /* AppDelegate.swift in Sources */,
			);
			runOnlyForDeploymentPostprocessing = 0;
		};
/* End PBXSourcesBuildPhase section */

/* Begin PBXVariantGroup section */
		759327661D5497BA00EB5900 /* Main.storyboard */ = {
			isa = PBXVariantGroup;
			children = (
				759327671D5497BA00EB5900 /* Base */,
			);
			name = Main.storyboard;
			sourceTree = "<group>";
		};
		7593276B1D5497BA00EB5900 /* LaunchScreen.storyboard */ = {
			isa = PBXVariantGroup;
			children = (
				7593276C1D5497BA00EB5900 /* Base */,
			);
			name = LaunchScreen.storyboard;
			sourceTree = "<group>";
		};
/* End PBXVariantGroup section */

/* Begin XCBuildConfiguration section */
		7593276F1D5497BA00EB5900 /* Debug */ = {
			isa = XCBuildConfiguration;
			buildSettings = {
				ALWAYS_SEARCH_USER_PATHS = NO;
				CLANG_ANALYZER_NONNULL = YES;
				CLANG_CXX_LANGUAGE_STANDARD = "gnu++0x";
				CLANG_CXX_LIBRARY = "libc++";
				CLANG_ENABLE_MODULES = YES;
				CLANG_ENABLE_OBJC_ARC = YES;
				CLANG_WARN_BOOL_CONVERSION = YES;
				CLANG_WARN_CONSTANT_CONVERSION = YES;
				CLANG_WARN_DIRECT_OBJC_ISA_USAGE = YES_ERROR;
				CLANG_WARN_EMPTY_BODY = YES;
				CLANG_WARN_ENUM_CONVERSION = YES;
				CLANG_WARN_INT_CONVERSION = YES;
				CLANG_WARN_OBJC_ROOT_CLASS = YES_ERROR;
				CLANG_WARN_UNREACHABLE_CODE = YES;
				CLANG_WARN__DUPLICATE_METHOD_MATCH = YES;
				"CODE_SIGN_IDENTITY[sdk=iphoneos*]" = "iPhone Distribution: salesforce.com, inc";
				COPY_PHASE_STRIP = NO;
				DEBUG_INFORMATION_FORMAT = dwarf;
				ENABLE_STRICT_OBJC_MSGSEND = YES;
				ENABLE_TESTABILITY = YES;
				GCC_C_LANGUAGE_STANDARD = gnu99;
				GCC_DYNAMIC_NO_PIC = NO;
				GCC_NO_COMMON_BLOCKS = YES;
				GCC_OPTIMIZATION_LEVEL = 0;
				GCC_PREPROCESSOR_DEFINITIONS = (
					"DEBUG=1",
					"$(inherited)",
				);
				GCC_WARN_64_TO_32_BIT_CONVERSION = YES;
				GCC_WARN_ABOUT_RETURN_TYPE = YES_ERROR;
				GCC_WARN_UNDECLARED_SELECTOR = YES;
				GCC_WARN_UNINITIALIZED_AUTOS = YES_AGGRESSIVE;
				GCC_WARN_UNUSED_FUNCTION = YES;
				GCC_WARN_UNUSED_VARIABLE = YES;
				IPHONEOS_DEPLOYMENT_TARGET = 9.3;
				MTL_ENABLE_DEBUG_INFO = YES;
				ONLY_ACTIVE_ARCH = YES;
				SDKROOT = iphoneos;
				SWIFT_OPTIMIZATION_LEVEL = "-Onone";
			};
			name = Debug;
		};
		759327701D5497BA00EB5900 /* Release */ = {
			isa = XCBuildConfiguration;
			buildSettings = {
				ALWAYS_SEARCH_USER_PATHS = NO;
				CLANG_ANALYZER_NONNULL = YES;
				CLANG_CXX_LANGUAGE_STANDARD = "gnu++0x";
				CLANG_CXX_LIBRARY = "libc++";
				CLANG_ENABLE_MODULES = YES;
				CLANG_ENABLE_OBJC_ARC = YES;
				CLANG_WARN_BOOL_CONVERSION = YES;
				CLANG_WARN_CONSTANT_CONVERSION = YES;
				CLANG_WARN_DIRECT_OBJC_ISA_USAGE = YES_ERROR;
				CLANG_WARN_EMPTY_BODY = YES;
				CLANG_WARN_ENUM_CONVERSION = YES;
				CLANG_WARN_INT_CONVERSION = YES;
				CLANG_WARN_OBJC_ROOT_CLASS = YES_ERROR;
				CLANG_WARN_UNREACHABLE_CODE = YES;
				CLANG_WARN__DUPLICATE_METHOD_MATCH = YES;
				"CODE_SIGN_IDENTITY[sdk=iphoneos*]" = "iPhone Distribution: salesforce.com, inc";
				COPY_PHASE_STRIP = NO;
				DEBUG_INFORMATION_FORMAT = "dwarf-with-dsym";
				ENABLE_NS_ASSERTIONS = NO;
				ENABLE_STRICT_OBJC_MSGSEND = YES;
				GCC_C_LANGUAGE_STANDARD = gnu99;
				GCC_NO_COMMON_BLOCKS = YES;
				GCC_WARN_64_TO_32_BIT_CONVERSION = YES;
				GCC_WARN_ABOUT_RETURN_TYPE = YES_ERROR;
				GCC_WARN_UNDECLARED_SELECTOR = YES;
				GCC_WARN_UNINITIALIZED_AUTOS = YES_AGGRESSIVE;
				GCC_WARN_UNUSED_FUNCTION = YES;
				GCC_WARN_UNUSED_VARIABLE = YES;
				IPHONEOS_DEPLOYMENT_TARGET = 9.3;
				MTL_ENABLE_DEBUG_INFO = NO;
				SDKROOT = iphoneos;
				VALIDATE_PRODUCT = YES;
			};
			name = Release;
		};
		759327721D5497BA00EB5900 /* Debug */ = {
			isa = XCBuildConfiguration;
			buildSettings = {
				ASSETCATALOG_COMPILER_APPICON_NAME = AppIcon;
				ASSETCATALOG_COMPILER_LAUNCHIMAGE_NAME = LaunchImage;
				CODE_SIGN_IDENTITY = "iPhone Developer";
				"CODE_SIGN_IDENTITY[sdk=iphoneos*]" = "iPhone Developer";
				INFOPLIST_FILE = "Customer Satisfaction/Info.plist";
				LD_RUNPATH_SEARCH_PATHS = "$(inherited) @executable_path/Frameworks";
				PRODUCT_BUNDLE_IDENTIFIER = "com.salesforce.internal.Customer-Satisfaction";
				PRODUCT_NAME = "Customer Satisfaction";
				PROVISIONING_PROFILE = "cf4dffed-c69b-4077-9980-c24648d88952";
			};
			name = Debug;
		};
		759327731D5497BA00EB5900 /* Release */ = {
			isa = XCBuildConfiguration;
			buildSettings = {
				ASSETCATALOG_COMPILER_APPICON_NAME = AppIcon;
				ASSETCATALOG_COMPILER_LAUNCHIMAGE_NAME = LaunchImage;
				CODE_SIGN_IDENTITY = "iPhone Distribution: salesforce.com, inc";
				"CODE_SIGN_IDENTITY[sdk=iphoneos*]" = "iPhone Distribution: salesforce.com, inc";
				INFOPLIST_FILE = "Customer Satisfaction/Info.plist";
				LD_RUNPATH_SEARCH_PATHS = "$(inherited) @executable_path/Frameworks";
				PRODUCT_BUNDLE_IDENTIFIER = "com.salesforce.internal.Customer-Satisfaction";
				PRODUCT_NAME = "Customer Satisfaction";
				PROVISIONING_PROFILE = "cf4dffed-c69b-4077-9980-c24648d88952";
			};
			name = Release;
		};
/* End XCBuildConfiguration section */

/* Begin XCConfigurationList section */
		7593275A1D5497BA00EB5900 /* Build configuration list for PBXProject "Customer Satisfaction" */ = {
			isa = XCConfigurationList;
			buildConfigurations = (
				7593276F1D5497BA00EB5900 /* Debug */,
				759327701D5497BA00EB5900 /* Release */,
			);
			defaultConfigurationIsVisible = 0;
			defaultConfigurationName = Release;
		};
		759327711D5497BA00EB5900 /* Build configuration list for PBXNativeTarget "Customer Satisfaction" */ = {
			isa = XCConfigurationList;
			buildConfigurations = (
				759327721D5497BA00EB5900 /* Debug */,
				759327731D5497BA00EB5900 /* Release */,
			);
			defaultConfigurationIsVisible = 0;
			defaultConfigurationName = Release;
		};
/* End XCConfigurationList section */
	};
	rootObject = 759327571D5497BA00EB5900 /* Project object */;
}
